
Microsoft Visual Studio Solution File, Format Version 12.00
# Visual Studio Version 17
VisualStudioVersion = 17.5.33516.290
MinimumVisualStudioVersion = 10.0.40219.1
Project("{FAE04EC0-301F-11D3-BF4B-00C04F79EFBC}") = "ShinFung", "ShinFung\ShinFung.csproj", "{D590A2C4-4994-4759-A22C-5DBC4EFD560F}"
EndProject
Global
	GlobalSection(SolutionConfigurationPlatforms) = preSolution
		Debug|Any CPU = Debug|Any CPU
		Release|Any CPU = Release|Any CPU
	EndGlobalSection
	GlobalSection(ProjectConfigurationPlatforms) = postSolution
		{D590A2C4-4994-4759-A22C-5DBC4EFD560F}.Debug|Any CPU.ActiveCfg = Debug|Any CPU
		{D590A2C4-4994-4759-A22C-5DBC4EFD560F}.Debug|Any CPU.Build.0 = Debug|Any CPU
		{D590A2C4-4994-4759-A22C-5DBC4EFD560F}.Release|Any CPU.ActiveCfg = Release|Any CPU
		{D590A2C4-4994-4759-A22C-5DBC4EFD560F}.Release|Any CPU.Build.0 = Release|Any CPU
	EndGlobalSection
	GlobalSection(SolutionProperties) = preSolution
		HideSolutionNode = FALSE
	EndGlobalSection
	GlobalSection(ExtensibilityGlobals) = postSolution
		SolutionGuid = {C5D47EC4-CD70-4DEA-AA19-B6A08C4411D1}
	EndGlobalSection
EndGlobal
